
Microsoft Visual Studio Solution File, Format Version 12.00
# Visual Studio Version 17
VisualStudioVersion = 17.14.36623.8 d17.14
MinimumVisualStudioVersion = 10.0.40219.1
Project("{FAE04EC0-301F-11D3-BF4B-00C04F79EFBC}") = "Repaso", "Repaso\Repaso.csproj", "{06388BC9-21C9-4317-94BC-DB957F6B3F8A}"
EndProject
Global
	GlobalSection(SolutionConfigurationPlatforms) = preSolution
		Debug|Any CPU = Debug|Any CPU
		Release|Any CPU = Release|Any CPU
	EndGlobalSection
	GlobalSection(ProjectConfigurationPlatforms) = postSolution
		{06388BC9-21C9-4317-94BC-DB957F6B3F8A}.Debug|Any CPU.ActiveCfg = Debug|Any CPU
		{06388BC9-21C9-4317-94BC-DB957F6B3F8A}.Debug|Any CPU.Build.0 = Debug|Any CPU
		{06388BC9-21C9-4317-94BC-DB957F6B3F8A}.Release|Any CPU.ActiveCfg = Release|Any CPU
		{06388BC9-21C9-4317-94BC-DB957F6B3F8A}.Release|Any CPU.Build.0 = Release|Any CPU
	EndGlobalSection
	GlobalSection(SolutionProperties) = preSolution
		HideSolutionNode = FALSE
	EndGlobalSection
	GlobalSection(ExtensibilityGlobals) = postSolution
		SolutionGuid = {5D164D5D-276C-486A-B690-BA2BFBE6A800}
	EndGlobalSection
EndGlobal
